
Microsoft Visual Studio Solution File, Format Version 12.00
# Visual Studio Version 17
VisualStudioVersion = 17.14.36202.13 d17.14
MinimumVisualStudioVersion = 10.0.40219.1
Project("{FAE04EC0-301F-11D3-BF4B-00C04F79EFBC}") = "ATM", "ATM\ATM.csproj", "{A596FA62-DE76-4F0E-A157-12EE2FC68C03}"
EndProject
Global
	GlobalSection(SolutionConfigurationPlatforms) = preSolution
		Debug|Any CPU = Debug|Any CPU
		Release|Any CPU = Release|Any CPU
	EndGlobalSection
	GlobalSection(ProjectConfigurationPlatforms) = postSolution
		{A596FA62-DE76-4F0E-A157-12EE2FC68C03}.Debug|Any CPU.ActiveCfg = Debug|Any CPU
		{A596FA62-DE76-4F0E-A157-12EE2FC68C03}.Debug|Any CPU.Build.0 = Debug|Any CPU
		{A596FA62-DE76-4F0E-A157-12EE2FC68C03}.Release|Any CPU.ActiveCfg = Release|Any CPU
		{A596FA62-DE76-4F0E-A157-12EE2FC68C03}.Release|Any CPU.Build.0 = Release|Any CPU
	EndGlobalSection
	GlobalSection(SolutionProperties) = preSolution
		HideSolutionNode = FALSE
	EndGlobalSection
	GlobalSection(ExtensibilityGlobals) = postSolution
		SolutionGuid = {512CB975-F692-4BE0-9020-D53387D83F73}
	EndGlobalSection
EndGlobal
